// !$*UTF8*$!
{
	archiveVersion = 1;
	classes = {
	};
	objectVersion = 55;
	objects = {

/* Begin PBXBuildFile section */
		3C1F49D329B26DBD000D4FA0 /* DiagnosticsTableViewCell.swift in Sources */ = {isa = PBXBuildFile; fileRef = 3C1F49D229B26DBD000D4FA0 /* DiagnosticsTableViewCell.swift */; };
		3C1F49D529B27104000D4FA0 /* DiagnosticsModel.swift in Sources */ = {isa = PBXBuildFile; fileRef = 3C1F49D429B27104000D4FA0 /* DiagnosticsModel.swift */; };
		3C1F49D829B40EA7000D4FA0 /* UIColor.swift in Sources */ = {isa = PBXBuildFile; fileRef = 3C1F49D729B40EA6000D4FA0 /* UIColor.swift */; };
		3C1F49DB29B41448000D4FA0 /* DeviceDetailsVC.swift in Sources */ = {isa = PBXBuildFile; fileRef = 3C1F49DA29B41448000D4FA0 /* DeviceDetailsVC.swift */; };
		3C1F49DD29B419DF000D4FA0 /* UILabel.swift in Sources */ = {isa = PBXBuildFile; fileRef = 3C1F49DC29B419DF000D4FA0 /* UILabel.swift */; };
		3C1F49DF29B42ADC000D4FA0 /* DeviceDetails.swift in Sources */ = {isa = PBXBuildFile; fileRef = 3C1F49DE29B42ADB000D4FA0 /* DeviceDetails.swift */; };
		3C1F49E129B6E385000D4FA0 /* ServiceTableViewCell.swift in Sources */ = {isa = PBXBuildFile; fileRef = 3C1F49E029B6E385000D4FA0 /* ServiceTableViewCell.swift */; };
		3C1F49E329B6EFFC000D4FA0 /* CharacteristicDetailsVC.swift in Sources */ = {isa = PBXBuildFile; fileRef = 3C1F49E229B6EFFC000D4FA0 /* CharacteristicDetailsVC.swift */; };
		3C1F49E529B73B3F000D4FA0 /* DescriptorDetailsVC.swift in Sources */ = {isa = PBXBuildFile; fileRef = 3C1F49E429B73B3E000D4FA0 /* DescriptorDetailsVC.swift */; };
		3C2EB03F29B1A69600A36BA8 /* AppDelegate.swift in Sources */ = {isa = PBXBuildFile; fileRef = 3C2EB03E29B1A69600A36BA8 /* AppDelegate.swift */; };
		3C2EB04129B1A69600A36BA8 /* SceneDelegate.swift in Sources */ = {isa = PBXBuildFile; fileRef = 3C2EB04029B1A69600A36BA8 /* SceneDelegate.swift */; };
		3C2EB04329B1A69600A36BA8 /* ViewController.swift in Sources */ = {isa = PBXBuildFile; fileRef = 3C2EB04229B1A69600A36BA8 /* ViewController.swift */; };
		3C2EB04629B1A69600A36BA8 /* Main.storyboard in Resources */ = {isa = PBXBuildFile; fileRef = 3C2EB04429B1A69600A36BA8 /* Main.storyboard */; };
		3C2EB04829B1A69800A36BA8 /* Assets.xcassets in Resources */ = {isa = PBXBuildFile; fileRef = 3C2EB04729B1A69800A36BA8 /* Assets.xcassets */; };
		3C2EB04B29B1A69800A36BA8 /* LaunchScreen.storyboard in Resources */ = {isa = PBXBuildFile; fileRef = 3C2EB04929B1A69800A36BA8 /* LaunchScreen.storyboard */; };
		3C2EB05429B1A7E800A36BA8 /* UIView.swift in Sources */ = {isa = PBXBuildFile; fileRef = 3C2EB05329B1A7E800A36BA8 /* UIView.swift */; };
/* End PBXBuildFile section */

/* Begin PBXFileReference section */
		3C1F49D229B26DBD000D4FA0 /* DiagnosticsTableViewCell.swift */ = {isa = PBXFileReference; lastKnownFileType = sourcecode.swift; path = DiagnosticsTableViewCell.swift; sourceTree = "<group>"; };
		3C1F49D429B27104000D4FA0 /* DiagnosticsModel.swift */ = {isa = PBXFileReference; lastKnownFileType = sourcecode.swift; path = DiagnosticsModel.swift; sourceTree = "<group>"; };
		3C1F49D729B40EA6000D4FA0 /* UIColor.swift */ = {isa = PBXFileReference; lastKnownFileType = sourcecode.swift; path = UIColor.swift; sourceTree = "<group>"; };
		3C1F49DA29B41448000D4FA0 /* DeviceDetailsVC.swift */ = {isa = PBXFileReference; lastKnownFileType = sourcecode.swift; path = DeviceDetailsVC.swift; sourceTree = "<group>"; };
		3C1F49DC29B419DF000D4FA0 /* UILabel.swift */ = {isa = PBXFileReference; lastKnownFileType = sourcecode.swift; path = UILabel.swift; sourceTree = "<group>"; };
		3C1F49DE29B42ADB000D4FA0 /* DeviceDetails.swift */ = {isa = PBXFileReference; lastKnownFileType = sourcecode.swift; path = DeviceDetails.swift; sourceTree = "<group>"; };
		3C1F49E029B6E385000D4FA0 /* ServiceTableViewCell.swift */ = {isa = PBXFileReference; lastKnownFileType = sourcecode.swift; path = ServiceTableViewCell.swift; sourceTree = "<group>"; };
		3C1F49E229B6EFFC000D4FA0 /* CharacteristicDetailsVC.swift */ = {isa = PBXFileReference; lastKnownFileType = sourcecode.swift; path = CharacteristicDetailsVC.swift; sourceTree = "<group>"; };
		3C1F49E429B73B3E000D4FA0 /* DescriptorDetailsVC.swift */ = {isa = PBXFileReference; lastKnownFileType = sourcecode.swift; path = DescriptorDetailsVC.swift; sourceTree = "<group>"; };
		3C2EB03B29B1A69600A36BA8 /* BluetoothDiagnostics.app */ = {isa = PBXFileReference; explicitFileType = wrapper.application; includeInIndex = 0; path = BluetoothDiagnostics.app; sourceTree = BUILT_PRODUCTS_DIR; };
		3C2EB03E29B1A69600A36BA8 /* AppDelegate.swift */ = {isa = PBXFileReference; lastKnownFileType = sourcecode.swift; path = AppDelegate.swift; sourceTree = "<group>"; };
		3C2EB04029B1A69600A36BA8 /* SceneDelegate.swift */ = {isa = PBXFileReference; lastKnownFileType = sourcecode.swift; path = SceneDelegate.swift; sourceTree = "<group>"; };
		3C2EB04229B1A69600A36BA8 /* ViewController.swift */ = {isa = PBXFileReference; lastKnownFileType = sourcecode.swift; path = ViewController.swift; sourceTree = "<group>"; };
		3C2EB04529B1A69600A36BA8 /* Base */ = {isa = PBXFileReference; lastKnownFileType = file.storyboard; name = Base; path = Base.lproj/Main.storyboard; sourceTree = "<group>"; };
		3C2EB04729B1A69800A36BA8 /* Assets.xcassets */ = {isa = PBXFileReference; lastKnownFileType = folder.assetcatalog; path = Assets.xcassets; sourceTree = "<group>"; };
		3C2EB04A29B1A69800A36BA8 /* Base */ = {isa = PBXFileReference; lastKnownFileType = file.storyboard; name = Base; path = Base.lproj/LaunchScreen.storyboard; sourceTree = "<group>"; };
		3C2EB04C29B1A69800A36BA8 /* Info.plist */ = {isa = PBXFileReference; lastKnownFileType = text.plist.xml; path = Info.plist; sourceTree = "<group>"; };
		3C2EB05329B1A7E800A36BA8 /* UIView.swift */ = {isa = PBXFileReference; lastKnownFileType = sourcecode.swift; path = UIView.swift; sourceTree = "<group>"; };
/* End PBXFileReference section */

/* Begin PBXFrameworksBuildPhase section */
		3C2EB03829B1A69600A36BA8 /* Frameworks */ = {
			isa = PBXFrameworksBuildPhase;
			buildActionMask = 2147483647;
			files = (
			);
			runOnlyForDeploymentPostprocessing = 0;
		};
/* End PBXFrameworksBuildPhase section */

/* Begin PBXGroup section */
		3C1F49D129B26D79000D4FA0 /* TableViewCell */ = {
			isa = PBXGroup;
			children = (
				3C1F49D229B26DBD000D4FA0 /* DiagnosticsTableViewCell.swift */,
				3C1F49E029B6E385000D4FA0 /* ServiceTableViewCell.swift */,
			);
			path = TableViewCell;
			sourceTree = "<group>";
		};
		3C1F49D629B2710F000D4FA0 /* Models */ = {
			isa = PBXGroup;
			children = (
				3C1F49D429B27104000D4FA0 /* DiagnosticsModel.swift */,
				3C1F49DE29B42ADB000D4FA0 /* DeviceDetails.swift */,
			);
			path = Models;
			sourceTree = "<group>";
		};
		3C1F49D929B41099000D4FA0 /* ViewControllers */ = {
			isa = PBXGroup;
			children = (
				3C2EB04229B1A69600A36BA8 /* ViewController.swift */,
				3C1F49DA29B41448000D4FA0 /* DeviceDetailsVC.swift */,
				3C1F49E229B6EFFC000D4FA0 /* CharacteristicDetailsVC.swift */,
				3C1F49E429B73B3E000D4FA0 /* DescriptorDetailsVC.swift */,
			);
			path = ViewControllers;
			sourceTree = "<group>";
		};
		3C2EB03229B1A69600A36BA8 = {
			isa = PBXGroup;
			children = (
				3C2EB03D29B1A69600A36BA8 /* BluetoothDiagnostics */,
				3C2EB03C29B1A69600A36BA8 /* Products */,
			);
			sourceTree = "<group>";
		};
		3C2EB03C29B1A69600A36BA8 /* Products */ = {
			isa = PBXGroup;
			children = (
				3C2EB03B29B1A69600A36BA8 /* BluetoothDiagnostics.app */,
			);
			name = Products;
			sourceTree = "<group>";
		};
		3C2EB03D29B1A69600A36BA8 /* BluetoothDiagnostics */ = {
			isa = PBXGroup;
			children = (
				3C1F49D929B41099000D4FA0 /* ViewControllers */,
				3C1F49D629B2710F000D4FA0 /* Models */,
				3C1F49D129B26D79000D4FA0 /* TableViewCell */,
				3C2EB05229B1A7C700A36BA8 /* Extensions */,
				3C2EB03E29B1A69600A36BA8 /* AppDelegate.swift */,
				3C2EB04029B1A69600A36BA8 /* SceneDelegate.swift */,
				3C2EB04429B1A69600A36BA8 /* Main.storyboard */,
				3C2EB04729B1A69800A36BA8 /* Assets.xcassets */,
				3C2EB04929B1A69800A36BA8 /* LaunchScreen.storyboard */,
				3C2EB04C29B1A69800A36BA8 /* Info.plist */,
			);
			path = BluetoothDiagnostics;
			sourceTree = "<group>";
		};
		3C2EB05229B1A7C700A36BA8 /* Extensions */ = {
			isa = PBXGroup;
			children = (
				3C2EB05329B1A7E800A36BA8 /* UIView.swift */,
				3C1F49D729B40EA6000D4FA0 /* UIColor.swift */,
				3C1F49DC29B419DF000D4FA0 /* UILabel.swift */,
			);
			path = Extensions;
			sourceTree = "<group>";
		};
/* End PBXGroup section */

/* Begin PBXNativeTarget section */
		3C2EB03A29B1A69600A36BA8 /* BluetoothDiagnostics */ = {
			isa = PBXNativeTarget;
			buildConfigurationList = 3C2EB04F29B1A69800A36BA8 /* Build configuration list for PBXNativeTarget "BluetoothDiagnostics" */;
			buildPhases = (
				3C2EB03729B1A69600A36BA8 /* Sources */,
				3C2EB03829B1A69600A36BA8 /* Frameworks */,
				3C2EB03929B1A69600A36BA8 /* Resources */,
			);
			buildRules = (
			);
			dependencies = (
			);
			name = BluetoothDiagnostics;
			productName = BluetoothDiagnostics;
			productReference = 3C2EB03B29B1A69600A36BA8 /* BluetoothDiagnostics.app */;
			productType = "com.apple.product-type.application";
		};
/* End PBXNativeTarget section */

/* Begin PBXProject section */
		3C2EB03329B1A69600A36BA8 /* Project object */ = {
			isa = PBXProject;
			attributes = {
				BuildIndependentTargetsInParallel = 1;
				LastSwiftUpdateCheck = 1320;
				LastUpgradeCheck = 1320;
				TargetAttributes = {
					3C2EB03A29B1A69600A36BA8 = {
						CreatedOnToolsVersion = 13.2.1;
					};
				};
			};
			buildConfigurationList = 3C2EB03629B1A69600A36BA8 /* Build configuration list for PBXProject "BluetoothDiagnostics" */;
			compatibilityVersion = "Xcode 13.0";
			developmentRegion = en;
			hasScannedForEncodings = 0;
			knownRegions = (
				en,
				Base,
			);
			mainGroup = 3C2EB03229B1A69600A36BA8;
			productRefGroup = 3C2EB03C29B1A69600A36BA8 /* Products */;
			projectDirPath = "";
			projectRoot = "";
			targets = (
				3C2EB03A29B1A69600A36BA8 /* BluetoothDiagnostics */,
			);
		};
/* End PBXProject section */

/* Begin PBXResourcesBuildPhase section */
		3C2EB03929B1A69600A36BA8 /* Resources */ = {
			isa = PBXResourcesBuildPhase;
			buildActionMask = 2147483647;
			files = (
				3C2EB04B29B1A69800A36BA8 /* LaunchScreen.storyboard in Resources */,
				3C2EB04829B1A69800A36BA8 /* Assets.xcassets in Resources */,
				3C2EB04629B1A69600A36BA8 /* Main.storyboard in Resources */,
			);
			runOnlyForDeploymentPostprocessing = 0;
		};
/* End PBXResourcesBuildPhase section */

/* Begin PBXSourcesBuildPhase section */
		3C2EB03729B1A69600A36BA8 /* Sources */ = {
			isa = PBXSourcesBuildPhase;
			buildActionMask = 2147483647;
			files = (
				3C2EB05429B1A7E800A36BA8 /* UIView.swift in Sources */,
				3C1F49D829B40EA7000D4FA0 /* UIColor.swift in Sources */,
				3C2EB04329B1A69600A36BA8 /* ViewController.swift in Sources */,
				3C1F49D529B27104000D4FA0 /* DiagnosticsModel.swift in Sources */,
				3C1F49E329B6EFFC000D4FA0 /* CharacteristicDetailsVC.swift in Sources */,
				3C1F49E129B6E385000D4FA0 /* ServiceTableViewCell.swift in Sources */,
				3C1F49DF29B42ADC000D4FA0 /* DeviceDetails.swift in Sources */,
				3C1F49DD29B419DF000D4FA0 /* UILabel.swift in Sources */,
				3C2EB03F29B1A69600A36BA8 /* AppDelegate.swift in Sources */,
				3C1F49E529B73B3F000D4FA0 /* DescriptorDetailsVC.swift in Sources */,
				3C2EB04129B1A69600A36BA8 /* SceneDelegate.swift in Sources */,
				3C1F49D329B26DBD000D4FA0 /* DiagnosticsTableViewCell.swift in Sources */,
				3C1F49DB29B41448000D4FA0 /* DeviceDetailsVC.swift in Sources */,
			);
			runOnlyForDeploymentPostprocessing = 0;
		};
/* End PBXSourcesBuildPhase section */

/* Begin PBXVariantGroup section */
		3C2EB04429B1A69600A36BA8 /* Main.storyboard */ = {
			isa = PBXVariantGroup;
			children = (
				3C2EB04529B1A69600A36BA8 /* Base */,
			);
			name = Main.storyboard;
			sourceTree = "<group>";
		};
		3C2EB04929B1A69800A36BA8 /* LaunchScreen.storyboard */ = {
			isa = PBXVariantGroup;
			children = (
				3C2EB04A29B1A69800A36BA8 /* Base */,
			);
			name = LaunchScreen.storyboard;
			sourceTree = "<group>";
		};
/* End PBXVariantGroup section */

/* Begin XCBuildConfiguration section */
		3C2EB04D29B1A69800A36BA8 /* Debug */ = {
			isa = XCBuildConfiguration;
			buildSettings = {
				ALWAYS_SEARCH_USER_PATHS = NO;
				CLANG_ANALYZER_NONNULL = YES;
				CLANG_ANALYZER_NUMBER_OBJECT_CONVERSION = YES_AGGRESSIVE;
				CLANG_CXX_LANGUAGE_STANDARD = "gnu++17";
				CLANG_CXX_LIBRARY = "libc++";
				CLANG_ENABLE_MODULES = YES;
				CLANG_ENABLE_OBJC_ARC = YES;
				CLANG_ENABLE_OBJC_WEAK = YES;
				CLANG_WARN_BLOCK_CAPTURE_AUTORELEASING = YES;
				CLANG_WARN_BOOL_CONVERSION = YES;
				CLANG_WARN_COMMA = YES;
				CLANG_WARN_CONSTANT_CONVERSION = YES;
				CLANG_WARN_DEPRECATED_OBJC_IMPLEMENTATIONS = YES;
				CLANG_WARN_DIRECT_OBJC_ISA_USAGE = YES_ERROR;
				CLANG_WARN_DOCUMENTATION_COMMENTS = YES;
				CLANG_WARN_EMPTY_BODY = YES;
				CLANG_WARN_ENUM_CONVERSION = YES;
				CLANG_WARN_INFINITE_RECURSION = YES;
				CLANG_WARN_INT_CONVERSION = YES;
				CLANG_WARN_NON_LITERAL_NULL_CONVERSION = YES;
				CLANG_WARN_OBJC_IMPLICIT_RETAIN_SELF = YES;
				CLANG_WARN_OBJC_LITERAL_CONVERSION = YES;
				CLANG_WARN_OBJC_ROOT_CLASS = YES_ERROR;
				CLANG_WARN_QUOTED_INCLUDE_IN_FRAMEWORK_HEADER = YES;
				CLANG_WARN_RANGE_LOOP_ANALYSIS = YES;
				CLANG_WARN_STRICT_PROTOTYPES = YES;
				CLANG_WARN_SUSPICIOUS_MOVE = YES;
				CLANG_WARN_UNGUARDED_AVAILABILITY = YES_AGGRESSIVE;
				CLANG_WARN_UNREACHABLE_CODE = YES;
				CLANG_WARN__DUPLICATE_METHOD_MATCH = YES;
				COPY_PHASE_STRIP = NO;
				DEBUG_INFORMATION_FORMAT = dwarf;
				ENABLE_STRICT_OBJC_MSGSEND = YES;
				ENABLE_TESTABILITY = YES;
				GCC_C_LANGUAGE_STANDARD = gnu11;
				GCC_DYNAMIC_NO_PIC = NO;
				GCC_NO_COMMON_BLOCKS = YES;
				GCC_OPTIMIZATION_LEVEL = 0;
				GCC_PREPROCESSOR_DEFINITIONS = (
					"DEBUG=1",
					"$(inherited)",
				);
				GCC_WARN_64_TO_32_BIT_CONVERSION = YES;
				GCC_WARN_ABOUT_RETURN_TYPE = YES_ERROR;
				GCC_WARN_UNDECLARED_SELECTOR = YES;
				GCC_WARN_UNINITIALIZED_AUTOS = YES_AGGRESSIVE;
				GCC_WARN_UNUSED_FUNCTION = YES;
				GCC_WARN_UNUSED_VARIABLE = YES;
				IPHONEOS_DEPLOYMENT_TARGET = 15.2;
				MTL_ENABLE_DEBUG_INFO = INCLUDE_SOURCE;
				MTL_FAST_MATH = YES;
				ONLY_ACTIVE_ARCH = YES;
				SDKROOT = iphoneos;
				SWIFT_ACTIVE_COMPILATION_CONDITIONS = DEBUG;
				SWIFT_OPTIMIZATION_LEVEL = "-Onone";
			};
			name = Debug;
		};
		3C2EB04E29B1A69800A36BA8 /* Release */ = {
			isa = XCBuildConfiguration;
			buildSettings = {
				ALWAYS_SEARCH_USER_PATHS = NO;
				CLANG_ANALYZER_NONNULL = YES;
				CLANG_ANALYZER_NUMBER_OBJECT_CONVERSION = YES_AGGRESSIVE;
				CLANG_CXX_LANGUAGE_STANDARD = "gnu++17";
				CLANG_CXX_LIBRARY = "libc++";
				CLANG_ENABLE_MODULES = YES;
				CLANG_ENABLE_OBJC_ARC = YES;
				CLANG_ENABLE_OBJC_WEAK = YES;
				CLANG_WARN_BLOCK_CAPTURE_AUTORELEASING = YES;
				CLANG_WARN_BOOL_CONVERSION = YES;
				CLANG_WARN_COMMA = YES;
				CLANG_WARN_CONSTANT_CONVERSION = YES;
				CLANG_WARN_DEPRECATED_OBJC_IMPLEMENTATIONS = YES;
				CLANG_WARN_DIRECT_OBJC_ISA_USAGE = YES_ERROR;
				CLANG_WARN_DOCUMENTATION_COMMENTS = YES;
				CLANG_WARN_EMPTY_BODY = YES;
				CLANG_WARN_ENUM_CONVERSION = YES;
				CLANG_WARN_INFINITE_RECURSION = YES;
				CLANG_WARN_INT_CONVERSION = YES;
				CLANG_WARN_NON_LITERAL_NULL_CONVERSION = YES;
				CLANG_WARN_OBJC_IMPLICIT_RETAIN_SELF = YES;
				CLANG_WARN_OBJC_LITERAL_CONVERSION = YES;
				CLANG_WARN_OBJC_ROOT_CLASS = YES_ERROR;
				CLANG_WARN_QUOTED_INCLUDE_IN_FRAMEWORK_HEADER = YES;
				CLANG_WARN_RANGE_LOOP_ANALYSIS = YES;
				CLANG_WARN_STRICT_PROTOTYPES = YES;
				CLANG_WARN_SUSPICIOUS_MOVE = YES;
				CLANG_WARN_UNGUARDED_AVAILABILITY = YES_AGGRESSIVE;
				CLANG_WARN_UNREACHABLE_CODE = YES;
				CLANG_WARN__DUPLICATE_METHOD_MATCH = YES;
				COPY_PHASE_STRIP = NO;
				DEBUG_INFORMATION_FORMAT = "dwarf-with-dsym";
				ENABLE_NS_ASSERTIONS = NO;
				ENABLE_STRICT_OBJC_MSGSEND = YES;
				GCC_C_LANGUAGE_STANDARD = gnu11;
				GCC_NO_COMMON_BLOCKS = YES;
				GCC_WARN_64_TO_32_BIT_CONVERSION = YES;
				GCC_WARN_ABOUT_RETURN_TYPE = YES_ERROR;
				GCC_WARN_UNDECLARED_SELECTOR = YES;
				GCC_WARN_UNINITIALIZED_AUTOS = YES_AGGRESSIVE;
				GCC_WARN_UNUSED_FUNCTION = YES;
				GCC_WARN_UNUSED_VARIABLE = YES;
				IPHONEOS_DEPLOYMENT_TARGET = 15.2;
				MTL_ENABLE_DEBUG_INFO = NO;
				MTL_FAST_MATH = YES;
				SDKROOT = iphoneos;
				SWIFT_COMPILATION_MODE = wholemodule;
				SWIFT_OPTIMIZATION_LEVEL = "-O";
				VALIDATE_PRODUCT = YES;
			};
			name = Release;
		};
		3C2EB05029B1A69800A36BA8 /* Debug */ = {
			isa = XCBuildConfiguration;
			buildSettings = {
				ASSETCATALOG_COMPILER_APPICON_NAME = AppIcon;
				ASSETCATALOG_COMPILER_GLOBAL_ACCENT_COLOR_NAME = AccentColor;
				CODE_SIGN_STYLE = Automatic;
				CURRENT_PROJECT_VERSION = 1;
				DEVELOPMENT_TEAM = 56X8K88LSL;
				GENERATE_INFOPLIST_FILE = YES;
				INFOPLIST_FILE = BluetoothDiagnostics/Info.plist;
				INFOPLIST_KEY_UIApplicationSupportsIndirectInputEvents = YES;
				INFOPLIST_KEY_UILaunchStoryboardName = LaunchScreen;
				INFOPLIST_KEY_UIMainStoryboardFile = Main;
				INFOPLIST_KEY_UISupportedInterfaceOrientations_iPad = "UIInterfaceOrientationPortrait UIInterfaceOrientationPortraitUpsideDown UIInterfaceOrientationLandscapeLeft UIInterfaceOrientationLandscapeRight";
				INFOPLIST_KEY_UISupportedInterfaceOrientations_iPhone = "UIInterfaceOrientationPortrait UIInterfaceOrientationLandscapeLeft UIInterfaceOrientationLandscapeRight";
				LD_RUNPATH_SEARCH_PATHS = (
					"$(inherited)",
					"@executable_path/Frameworks",
				);
				MARKETING_VERSION = 1.0;
				PRODUCT_BUNDLE_IDENTIFIER = com.anchal.BluetoothDiagnostics;
				PRODUCT_NAME = "$(TARGET_NAME)";
				SWIFT_EMIT_LOC_STRINGS = YES;
				SWIFT_VERSION = 5.0;
				TARGETED_DEVICE_FAMILY = "1,2";
			};
			name = Debug;
		};
		3C2EB05129B1A69800A36BA8 /* Release */ = {
			isa = XCBuildConfiguration;
			buildSettings = {
				ASSETCATALOG_COMPILER_APPICON_NAME = AppIcon;
				ASSETCATALOG_COMPILER_GLOBAL_ACCENT_COLOR_NAME = AccentColor;
				CODE_SIGN_STYLE = Automatic;
				CURRENT_PROJECT_VERSION = 1;
				DEVELOPMENT_TEAM = 56X8K88LSL;
				GENERATE_INFOPLIST_FILE = YES;
				INFOPLIST_FILE = BluetoothDiagnostics/Info.plist;
				INFOPLIST_KEY_UIApplicationSupportsIndirectInputEvents = YES;
				INFOPLIST_KEY_UILaunchStoryboardName = LaunchScreen;
				INFOPLIST_KEY_UIMainStoryboardFile = Main;
				INFOPLIST_KEY_UISupportedInterfaceOrientations_iPad = "UIInterfaceOrientationPortrait UIInterfaceOrientationPortraitUpsideDown UIInterfaceOrientationLandscapeLeft UIInterfaceOrientationLandscapeRight";
				INFOPLIST_KEY_UISupportedInterfaceOrientations_iPhone = "UIInterfaceOrientationPortrait UIInterfaceOrientationLandscapeLeft UIInterfaceOrientationLandscapeRight";
				LD_RUNPATH_SEARCH_PATHS = (
					"$(inherited)",
					"@executable_path/Frameworks",
				);
				MARKETING_VERSION = 1.0;
				PRODUCT_BUNDLE_IDENTIFIER = com.anchal.BluetoothDiagnostics;
				PRODUCT_NAME = "$(TARGET_NAME)";
				SWIFT_EMIT_LOC_STRINGS = YES;
				SWIFT_VERSION = 5.0;
				TARGETED_DEVICE_FAMILY = "1,2";
			};
			name = Release;
		};
/* End XCBuildConfiguration section */

/* Begin XCConfigurationList section */
		3C2EB03629B1A69600A36BA8 /* Build configuration list for PBXProject "BluetoothDiagnostics" */ = {
			isa = XCConfigurationList;
			buildConfigurations = (
				3C2EB04D29B1A69800A36BA8 /* Debug */,
				3C2EB04E29B1A69800A36BA8 /* Release */,
			);
			defaultConfigurationIsVisible = 0;
			defaultConfigurationName = Release;
		};
		3C2EB04F29B1A69800A36BA8 /* Build configuration list for PBXNativeTarget "BluetoothDiagnostics" */ = {
			isa = XCConfigurationList;
			buildConfigurations = (
				3C2EB05029B1A69800A36BA8 /* Debug */,
				3C2EB05129B1A69800A36BA8 /* Release */,
			);
			defaultConfigurationIsVisible = 0;
			defaultConfigurationName = Release;
		};
/* End XCConfigurationList section */
	};
	rootObject = 3C2EB03329B1A69600A36BA8 /* Project object */;
}
